
Microsoft Visual Studio Solution File, Format Version 12.00
# Visual Studio Version 17
VisualStudioVersion = 17.4.33205.214
MinimumVisualStudioVersion = 10.0.40219.1
Project("{FAE04EC0-301F-11D3-BF4B-00C04F79EFBC}") = "bot-tell", "bot-tell\bot-tell.csproj", "{8767968F-9806-4C66-9C93-1C751DF34F37}"
EndProject
Global
	GlobalSection(SolutionConfigurationPlatforms) = preSolution
		Debug|Any CPU = Debug|Any CPU
		Release|Any CPU = Release|Any CPU
	EndGlobalSection
	GlobalSection(ProjectConfigurationPlatforms) = postSolution
		{8767968F-9806-4C66-9C93-1C751DF34F37}.Debug|Any CPU.ActiveCfg = Debug|Any CPU
		{8767968F-9806-4C66-9C93-1C751DF34F37}.Debug|Any CPU.Build.0 = Debug|Any CPU
		{8767968F-9806-4C66-9C93-1C751DF34F37}.Release|Any CPU.ActiveCfg = Release|Any CPU
		{8767968F-9806-4C66-9C93-1C751DF34F37}.Release|Any CPU.Build.0 = Release|Any CPU
	EndGlobalSection
	GlobalSection(SolutionProperties) = preSolution
		HideSolutionNode = FALSE
	EndGlobalSection
	GlobalSection(ExtensibilityGlobals) = postSolution
		SolutionGuid = {796EE6E4-1352-4D4C-8BC0-3C599488AAAE}
	EndGlobalSection
EndGlobal
